Microsoft Visual Studio Solution File, Format Version 12.00
# Visual Studio Version 17
VisualStudioVersion = 17.5.2.0
MinimumVisualStudioVersion = 10.0.40219.1
Project("{2150E333-8FDC-42A3-9474-1A3956D46DE8}") = "services", "services", "{5854FF58-B8C5-05C6-5BF2-ACE42193F22B}"
EndProject
Project("{FAE04EC0-301F-11D3-BF4B-00C04F79EFBC}") = "MemoryService", "services\memory-service-csharp\MemoryService.csproj", "{27D9A326-9C01-93F3-385B-2FCE28F57974}"
EndProject
Global
	GlobalSection(SolutionConfigurationPlatforms) = preSolution
		Debug|Any CPU = Debug|Any CPU
		Release|Any CPU = Release|Any CPU
	EndGlobalSection
	GlobalSection(ProjectConfigurationPlatforms) = postSolution
		{27D9A326-9C01-93F3-385B-2FCE28F57974}.Debug|Any CPU.ActiveCfg = Debug|Any CPU
		{27D9A326-9C01-93F3-385B-2FCE28F57974}.Debug|Any CPU.Build.0 = Debug|Any CPU
		{27D9A326-9C01-93F3-385B-2FCE28F57974}.Release|Any CPU.ActiveCfg = Release|Any CPU
		{27D9A326-9C01-93F3-385B-2FCE28F57974}.Release|Any CPU.Build.0 = Release|Any CPU
	EndGlobalSection
	GlobalSection(SolutionProperties) = preSolution
		HideSolutionNode = FALSE
	EndGlobalSection
	GlobalSection(NestedProjects) = preSolution
		{27D9A326-9C01-93F3-385B-2FCE28F57974} = {5854FF58-B8C5-05C6-5BF2-ACE42193F22B}
	EndGlobalSection
	GlobalSection(ExtensibilityGlobals) = postSolution
		SolutionGuid = {EE0B17B4-7CD4-40B7-ACFB-6D67A87E12F2}
	EndGlobalSection
EndGlobal
